<?xml version="1.0" encoding="utf-8"?>
<Project ToolsVersion="4.0" xmlns="http://schemas.microsoft.com/developer/msbuild/2003">
  <ItemGroup>
    <ClCompile Include="main.cpp" />
    <ClCompile Include="..\Common\include\proto\Shakehand.pb.cc">
      <Filter>proto</Filter>
    </ClCompile>
    <ClCompile Include="..\Common\include\proto\Map.pb.cc">
      <Filter>System\Map</Filter>
    </ClCompile>
    <ClCompile Include="RenderManager.h">
      <Filter>System</Filter>
    </ClCompile>
    <ClCompile Include="UI\UIManager.cpp">
      <Filter>UI</Filter>
    </ClCompile>
    <ClCompile Include="System\Map\CliMapSystem.cpp">
      <Filter>System\Map</Filter>
    </ClCompile>
    <ClCompile Include="..\Common\include\proto\PlayerLogin.pb.cc">
      <Filter>System\Login</Filter>
    </ClCompile>
    <ClCompile Include="System\Login\CliLoginSystem.cpp">
      <Filter>System\Login</Filter>
    </ClCompile>
    <ClCompile Include="RenderManager.cpp">
      <Filter>System</Filter>
    </ClCompile>
    <ClCompile Include="..\Common\include\SDL2\imgui_draw.cpp">
      <Filter>UI</Filter>
    </ClCompile>
    <ClCompile Include="..\Common\include\SDL2\imgui_impl_dx11.cpp">
      <Filter>UI</Filter>
    </ClCompile>
    <ClCompile Include="..\Common\include\SDL2\imgui_impl_sdl.cpp">
      <Filter>UI</Filter>
    </ClCompile>
    <ClCompile Include="..\Common\include\SDL2\imgui_widgets.cpp">
      <Filter>UI</Filter>
    </ClCompile>
    <ClCompile Include="..\Common\include\SDL2\imgui.cpp">
      <Filter>UI</Filter>
    </ClCompile>
    <ClCompile Include="..\Common\include\SDL2\imgui_demo.cpp">
      <Filter>UI</Filter>
    </ClCompile>
    <ClCompile Include="..\Common\include\SDL2\imgui_stdlib.cpp">
      <Filter>UI</Filter>
    </ClCompile>
    <ClCompile Include="System\ErrorNotify\CliErrorNotify.cpp">
      <Filter>System\ErrorNotify</Filter>
    </ClCompile>
    <ClCompile Include="..\Common\include\proto\ErrorNotify.pb.cc">
      <Filter>System\ErrorNotify</Filter>
    </ClCompile>
  </ItemGroup>
  <ItemGroup>
    <Filter Include="proto">
      <UniqueIdentifier>{8dae2238-0e3a-472e-abfa-a302c5ac7ded}</UniqueIdentifier>
    </Filter>
    <Filter Include="System">
      <UniqueIdentifier>{49856e03-d5ca-424e-8b97-ab5996ce9d20}</UniqueIdentifier>
    </Filter>
    <Filter Include="System\Creature">
      <UniqueIdentifier>{98fd0913-cd48-4399-ae1d-6a60dc7f56f7}</UniqueIdentifier>
    </Filter>
    <Filter Include="System\Map">
      <UniqueIdentifier>{2cd2ecfd-9613-4dc1-b916-19236311784d}</UniqueIdentifier>
    </Filter>
    <Filter Include="UI">
      <UniqueIdentifier>{ffe204c8-cdd6-40fa-ba8e-b2c089d778bd}</UniqueIdentifier>
    </Filter>
    <Filter Include="System\Login">
      <UniqueIdentifier>{dbbd6f45-4ccd-4599-8c64-0bd3c5c2edbb}</UniqueIdentifier>
    </Filter>
    <Filter Include="System\ErrorNotify">
      <UniqueIdentifier>{b629ad56-285b-4f37-8bd0-2c3ea8bfa8fd}</UniqueIdentifier>
    </Filter>
  </ItemGroup>
  <ItemGroup>
    <ClInclude Include="..\Common\include\proto\Shakehand.pb.h">
      <Filter>proto</Filter>
    </ClInclude>
    <ClInclude Include="..\Server\System\Map\MapStruct.h">
      <Filter>System\Map</Filter>
    </ClInclude>
    <ClInclude Include="..\Server\System\Creature\CreatureStruct.h">
      <Filter>System\Creature</Filter>
    </ClInclude>
    <ClInclude Include="..\Common\include\proto\Map.pb.h">
      <Filter>System\Map</Filter>
    </ClInclude>
    <ClInclude Include="UI\UIManager.h">
      <Filter>UI</Filter>
    </ClInclude>
    <ClInclude Include="UI\UIStruct.h">
      <Filter>UI</Filter>
    </ClInclude>
    <ClInclude Include="System\Map\CliMapSystem.h">
      <Filter>System\Map</Filter>
    </ClInclude>
    <ClInclude Include="..\Common\include\proto\PlayerLogin.pb.h">
      <Filter>System\Login</Filter>
    </ClInclude>
    <ClInclude Include="System\Login\CliLoginSystem.h">
      <Filter>System\Login</Filter>
    </ClInclude>
    <ClInclude Include="..\Common\include\SDL2\imgui_impl_dx11.h">
      <Filter>UI</Filter>
    </ClInclude>
    <ClInclude Include="..\Common\include\SDL2\imgui_impl_sdl.h">
      <Filter>UI</Filter>
    </ClInclude>
    <ClInclude Include="..\Common\include\SDL2\imgui_internal.h">
      <Filter>UI</Filter>
    </ClInclude>
    <ClInclude Include="..\Common\include\SDL2\imstb_rectpack.h">
      <Filter>UI</Filter>
    </ClInclude>
    <ClInclude Include="..\Common\include\SDL2\imstb_textedit.h">
      <Filter>UI</Filter>
    </ClInclude>
    <ClInclude Include="..\Common\include\SDL2\imstb_truetype.h">
      <Filter>UI</Filter>
    </ClInclude>
    <ClInclude Include="..\Common\include\SDL2\imconfig.h">
      <Filter>UI</Filter>
    </ClInclude>
    <ClInclude Include="..\Common\include\SDL2\imgui.h">
      <Filter>UI</Filter>
    </ClInclude>
    <ClInclude Include="..\Common\include\SDL2\imgui_stdlib.h">
      <Filter>UI</Filter>
    </ClInclude>
    <ClInclude Include="System\ErrorNotify\CliErrorNotify.h">
      <Filter>System\ErrorNotify</Filter>
    </ClInclude>
    <ClInclude Include="..\Common\include\proto\ErrorNotify.pb.h">
      <Filter>System\ErrorNotify</Filter>
    </ClInclude>
    <ClInclude Include="..\BaseEngine\Error\ErrorStruct.h">
      <Filter>System\ErrorNotify</Filter>
    </ClInclude>
    <ClInclude Include="System\Login\CliLoginStruct.h">
      <Filter>System\Login</Filter>
    </ClInclude>
  </ItemGroup>
</Project>