
Microsoft Visual Studio Solution File, Format Version 12.00
# Visual Studio Version 16
VisualStudioVersion = 16.0.30204.135
MinimumVisualStudioVersion = 10.0.40219.1
Project("{8BC9CEB8-8B4A-11D0-8D11-00A0C91BC942}") = "BaseEngine", "BaseEngine\BaseEngine.vcxproj", "{86AAB6F2-B426-4FE2-A7FB-822DC3D587D4}"
EndProject
Project("{8BC9CEB8-8B4A-11D0-8D11-00A0C91BC942}") = "Server", "Server\Server.vcxproj", "{D7777F72-9AB3-47E4-9319-E58DC80C8016}"
EndProject
Project("{8BC9CEB8-8B4A-11D0-8D11-00A0C91BC942}") = "Client", "Client\Client.vcxproj", "{6C1D334F-DD40-49B9-844A-524F08031891}"
EndProject
Project("{8BC9CEB8-8B4A-11D0-8D11-00A0C91BC942}") = "DBServer", "DBServer\DBServer.vcxproj", "{B3ED4D5E-E4D0-4C78-B719-09116CA4674E}"
EndProject
Project("{8BC9CEB8-8B4A-11D0-8D11-00A0C91BC942}") = "GateServer", "GateServer\GateServer.vcxproj", "{3DD21523-F9B0-40D2-9F41-DB7727F4E9A4}"
EndProject
Project("{8BC9CEB8-8B4A-11D0-8D11-00A0C91BC942}") = "AccountServer", "AccountServer\AccountServer.vcxproj", "{1A69B6CD-85E3-4662-9004-34642DEA603F}"
EndProject
Global
	GlobalSection(SolutionConfigurationPlatforms) = preSolution
		Debug|x64 = Debug|x64
		Debug|x86 = Debug|x86
		Release|x64 = Release|x64
		Release|x86 = Release|x86
	EndGlobalSection
	GlobalSection(ProjectConfigurationPlatforms) = postSolution
		{86AAB6F2-B426-4FE2-A7FB-822DC3D587D4}.Debug|x64.ActiveCfg = Debug|x64
		{86AAB6F2-B426-4FE2-A7FB-822DC3D587D4}.Debug|x64.Build.0 = Debug|x64
		{86AAB6F2-B426-4FE2-A7FB-822DC3D587D4}.Debug|x86.ActiveCfg = Debug|Win32
		{86AAB6F2-B426-4FE2-A7FB-822DC3D587D4}.Debug|x86.Build.0 = Debug|Win32
		{86AAB6F2-B426-4FE2-A7FB-822DC3D587D4}.Release|x64.ActiveCfg = Release|x64
		{86AAB6F2-B426-4FE2-A7FB-822DC3D587D4}.Release|x64.Build.0 = Release|x64
		{86AAB6F2-B426-4FE2-A7FB-822DC3D587D4}.Release|x86.ActiveCfg = Release|Win32
		{86AAB6F2-B426-4FE2-A7FB-822DC3D587D4}.Release|x86.Build.0 = Release|Win32
		{D7777F72-9AB3-47E4-9319-E58DC80C8016}.Debug|x64.ActiveCfg = Debug|x64
		{D7777F72-9AB3-47E4-9319-E58DC80C8016}.Debug|x64.Build.0 = Debug|x64
		{D7777F72-9AB3-47E4-9319-E58DC80C8016}.Debug|x86.ActiveCfg = Debug|Win32
		{D7777F72-9AB3-47E4-9319-E58DC80C8016}.Debug|x86.Build.0 = Debug|Win32
		{D7777F72-9AB3-47E4-9319-E58DC80C8016}.Release|x64.ActiveCfg = Release|x64
		{D7777F72-9AB3-47E4-9319-E58DC80C8016}.Release|x64.Build.0 = Release|x64
		{D7777F72-9AB3-47E4-9319-E58DC80C8016}.Release|x86.ActiveCfg = Release|Win32
		{D7777F72-9AB3-47E4-9319-E58DC80C8016}.Release|x86.Build.0 = Release|Win32
		{6C1D334F-DD40-49B9-844A-524F08031891}.Debug|x64.ActiveCfg = Debug|x64
		{6C1D334F-DD40-49B9-844A-524F08031891}.Debug|x64.Build.0 = Debug|x64
		{6C1D334F-DD40-49B9-844A-524F08031891}.Debug|x86.ActiveCfg = Debug|Win32
		{6C1D334F-DD40-49B9-844A-524F08031891}.Debug|x86.Build.0 = Debug|Win32
		{6C1D334F-DD40-49B9-844A-524F08031891}.Release|x64.ActiveCfg = Release|x64
		{6C1D334F-DD40-49B9-844A-524F08031891}.Release|x64.Build.0 = Release|x64
		{6C1D334F-DD40-49B9-844A-524F08031891}.Release|x86.ActiveCfg = Release|Win32
		{6C1D334F-DD40-49B9-844A-524F08031891}.Release|x86.Build.0 = Release|Win32
		{B3ED4D5E-E4D0-4C78-B719-09116CA4674E}.Debug|x64.ActiveCfg = Debug|x64
		{B3ED4D5E-E4D0-4C78-B719-09116CA4674E}.Debug|x64.Build.0 = Debug|x64
		{B3ED4D5E-E4D0-4C78-B719-09116CA4674E}.Debug|x86.ActiveCfg = Debug|Win32
		{B3ED4D5E-E4D0-4C78-B719-09116CA4674E}.Debug|x86.Build.0 = Debug|Win32
		{B3ED4D5E-E4D0-4C78-B719-09116CA4674E}.Release|x64.ActiveCfg = Release|x64
		{B3ED4D5E-E4D0-4C78-B719-09116CA4674E}.Release|x64.Build.0 = Release|x64
		{B3ED4D5E-E4D0-4C78-B719-09116CA4674E}.Release|x86.ActiveCfg = Release|Win32
		{B3ED4D5E-E4D0-4C78-B719-09116CA4674E}.Release|x86.Build.0 = Release|Win32
		{3DD21523-F9B0-40D2-9F41-DB7727F4E9A4}.Debug|x64.ActiveCfg = Debug|x64
		{3DD21523-F9B0-40D2-9F41-DB7727F4E9A4}.Debug|x64.Build.0 = Debug|x64
		{3DD21523-F9B0-40D2-9F41-DB7727F4E9A4}.Debug|x86.ActiveCfg = Debug|Win32
		{3DD21523-F9B0-40D2-9F41-DB7727F4E9A4}.Debug|x86.Build.0 = Debug|Win32
		{3DD21523-F9B0-40D2-9F41-DB7727F4E9A4}.Release|x64.ActiveCfg = Release|x64
		{3DD21523-F9B0-40D2-9F41-DB7727F4E9A4}.Release|x64.Build.0 = Release|x64
		{3DD21523-F9B0-40D2-9F41-DB7727F4E9A4}.Release|x86.ActiveCfg = Release|Win32
		{3DD21523-F9B0-40D2-9F41-DB7727F4E9A4}.Release|x86.Build.0 = Release|Win32
		{1A69B6CD-85E3-4662-9004-34642DEA603F}.Debug|x64.ActiveCfg = Debug|x64
		{1A69B6CD-85E3-4662-9004-34642DEA603F}.Debug|x64.Build.0 = Debug|x64
		{1A69B6CD-85E3-4662-9004-34642DEA603F}.Debug|x86.ActiveCfg = Debug|Win32
		{1A69B6CD-85E3-4662-9004-34642DEA603F}.Debug|x86.Build.0 = Debug|Win32
		{1A69B6CD-85E3-4662-9004-34642DEA603F}.Release|x64.ActiveCfg = Release|x64
		{1A69B6CD-85E3-4662-9004-34642DEA603F}.Release|x64.Build.0 = Release|x64
		{1A69B6CD-85E3-4662-9004-34642DEA603F}.Release|x86.ActiveCfg = Release|Win32
		{1A69B6CD-85E3-4662-9004-34642DEA603F}.Release|x86.Build.0 = Release|Win32
	EndGlobalSection
	GlobalSection(SolutionProperties) = preSolution
		HideSolutionNode = FALSE
	EndGlobalSection
	GlobalSection(ExtensibilityGlobals) = postSolution
		SolutionGuid = {64C512E5-C7F4-487B-883B-9903CF22F3CE}
	EndGlobalSection
EndGlobal
