<?xml version="1.0" encoding="utf-8"?>
<Project ToolsVersion="4.0" xmlns="http://schemas.microsoft.com/developer/msbuild/2003">
  <ItemGroup>
    <Filter Include="System">
      <UniqueIdentifier>{d7b85086-422d-447d-8308-fdfe1c5d8262}</UniqueIdentifier>
    </Filter>
    <Filter Include="System\ServerRegisterSystem">
      <UniqueIdentifier>{caae0967-002e-4032-8b51-dde702f724d1}</UniqueIdentifier>
    </Filter>
    <Filter Include="proto">
      <UniqueIdentifier>{ff5b7d29-dabf-4a99-84c4-04da66f25e9a}</UniqueIdentifier>
    </Filter>
  </ItemGroup>
  <ItemGroup>
    <ClCompile Include="main.cpp" />
    <ClCompile Include="System\ServerRegisterSystem\ServerRegisterSystem.cpp">
      <Filter>System\ServerRegisterSystem</Filter>
    </ClCompile>
    <ClCompile Include="..\Common\include\proto\ServerLink.pb.cc">
      <Filter>System\ServerRegisterSystem</Filter>
    </ClCompile>
    <ClCompile Include="..\Common\include\proto\Session.pb.cc">
      <Filter>proto</Filter>
    </ClCompile>
  </ItemGroup>
  <ItemGroup>
    <ClInclude Include="System\ServerRegisterSystem\ServerRegisterSystem.h">
      <Filter>System\ServerRegisterSystem</Filter>
    </ClInclude>
    <ClInclude Include="..\Common\include\proto\ServerLink.pb.h">
      <Filter>System\ServerRegisterSystem</Filter>
    </ClInclude>
    <ClInclude Include="..\Common\include\proto\Session.pb.h">
      <Filter>proto</Filter>
    </ClInclude>
    <ClInclude Include="System\ServerRegisterSystem\ServerRegisterStruct.h">
      <Filter>System\ServerRegisterSystem</Filter>
    </ClInclude>
  </ItemGroup>
</Project>