<?xml version="1.0" encoding="utf-8"?>
<Project ToolsVersion="4.0" xmlns="http://schemas.microsoft.com/developer/msbuild/2003">
  <ItemGroup>
    <ClCompile Include="main.cpp" />
    <ClCompile Include="System\ServerStartConfigRetrieveSystem\ServerStartConfigRetrieveSystem.cpp">
      <Filter>System\ServerStartConfigRetrieveSystem</Filter>
    </ClCompile>
    <ClCompile Include="..\Common\include\proto\ListServer.pb.cc">
      <Filter>System\ServerStartConfigRetrieveSystem</Filter>
    </ClCompile>
  </ItemGroup>
  <ItemGroup>
    <Filter Include="System">
      <UniqueIdentifier>{8c1dac1d-ef88-4c50-8f65-0b1f9a0db09e}</UniqueIdentifier>
    </Filter>
    <Filter Include="System\ServerStartConfigRetrieveSystem">
      <UniqueIdentifier>{d28cd2c2-ee56-476d-997f-612e045dfb5e}</UniqueIdentifier>
    </Filter>
    <Filter Include="System\ServerListRetrieveSystem">
      <UniqueIdentifier>{1e50d8ee-02af-4bdb-9752-2a857d973591}</UniqueIdentifier>
    </Filter>
  </ItemGroup>
  <ItemGroup>
    <ClInclude Include="System\ServerStartConfigRetrieveSystem\ServerStartConfigRetrieveSystem.h">
      <Filter>System\ServerStartConfigRetrieveSystem</Filter>
    </ClInclude>
    <ClInclude Include="System\ServerStartConfigRetrieveSystem\ServerStartConfigRetrieveStruct.h">
      <Filter>System\ServerStartConfigRetrieveSystem</Filter>
    </ClInclude>
    <ClInclude Include="..\Common\include\proto\ListServer.pb.h">
      <Filter>System\ServerStartConfigRetrieveSystem</Filter>
    </ClInclude>
  </ItemGroup>
</Project>