<?xml version="1.0" encoding="utf-8"?>
<Project ToolsVersion="4.0" xmlns="http://schemas.microsoft.com/developer/msbuild/2003">
  <ItemGroup>
    <Filter Include="TcpNet">
      <UniqueIdentifier>{4de6eb83-1696-4583-9092-38666f843c07}</UniqueIdentifier>
    </Filter>
    <Filter Include="tool">
      <UniqueIdentifier>{cbb7454a-7202-4102-9ea5-7be904fa65ce}</UniqueIdentifier>
    </Filter>
    <Filter Include="Attribute">
      <UniqueIdentifier>{cbb08f52-4f4b-4ce2-ad64-268bd2ce5210}</UniqueIdentifier>
    </Filter>
    <Filter Include="System">
      <UniqueIdentifier>{20cfa52e-5fc0-45fa-bfde-416e90e1a0da}</UniqueIdentifier>
    </Filter>
    <Filter Include="MessageBus">
      <UniqueIdentifier>{c78503ec-9793-4d2a-9be8-74cf1b9a50e9}</UniqueIdentifier>
    </Filter>
    <Filter Include="System\DB">
      <UniqueIdentifier>{bd50177a-6d69-4f94-ba65-b8da9c12a50a}</UniqueIdentifier>
    </Filter>
    <Filter Include="System\ShakeHand">
      <UniqueIdentifier>{daedceff-29d6-4b85-a790-e5e8d5392dd3}</UniqueIdentifier>
    </Filter>
    <Filter Include="Error">
      <UniqueIdentifier>{f8814867-2d08-4f78-8016-454aed5e35ae}</UniqueIdentifier>
    </Filter>
  </ItemGroup>
  <ItemGroup>
    <ClInclude Include="include\BaseEngine.h" />
    <ClInclude Include="..\Common\include\tool\ProtobufDispatcher.h">
      <Filter>tool</Filter>
    </ClInclude>
    <ClInclude Include="..\Common\include\tool\SingletonTemplate.h">
      <Filter>tool</Filter>
    </ClInclude>
    <ClInclude Include="..\Common\include\tool\Time.h">
      <Filter>tool</Filter>
    </ClInclude>
    <ClInclude Include="..\Common\include\tool\Timer.h">
      <Filter>tool</Filter>
    </ClInclude>
    <ClInclude Include="..\Common\include\tool\UniqueNumberFactory.h">
      <Filter>tool</Filter>
    </ClInclude>
    <ClInclude Include="..\Common\include\tool\LogInfo.h">
      <Filter>tool</Filter>
    </ClInclude>
    <ClInclude Include="..\Common\include\tool\ProtobufCodec.h">
      <Filter>tool</Filter>
    </ClInclude>
    <ClInclude Include="..\Common\include\tool\StringHelper.h">
      <Filter>tool</Filter>
    </ClInclude>
    <ClInclude Include="System\BaseSystem.h">
      <Filter>System</Filter>
    </ClInclude>
    <ClInclude Include="DataBase\DBMgr.h" />
    <ClInclude Include="Buff\Buffer.h">
      <Filter>tool</Filter>
    </ClInclude>
    <ClInclude Include="Tcp\Connection.h">
      <Filter>TcpNet</Filter>
    </ClInclude>
    <ClInclude Include="Tcp\NetManager.h">
      <Filter>TcpNet</Filter>
    </ClInclude>
    <ClInclude Include="MessageBus\MessageBus.h">
      <Filter>MessageBus</Filter>
    </ClInclude>
    <ClInclude Include="..\Common\include\tool\TimerTask.h">
      <Filter>tool</Filter>
    </ClInclude>
    <ClInclude Include="Attribute\Attribute.h">
      <Filter>Attribute</Filter>
    </ClInclude>
    <ClInclude Include="..\Common\include\tool\AStar.h">
      <Filter>tool</Filter>
    </ClInclude>
    <ClInclude Include="EngineInclude.h" />
    <ClInclude Include="System\DataBase\DBSystem.h">
      <Filter>System\DB</Filter>
    </ClInclude>
    <ClInclude Include="System\ShakeHand\ShakeHandSystem.h">
      <Filter>System\ShakeHand</Filter>
    </ClInclude>
    <ClInclude Include="System\DataBase\DBSystemStruct.h">
      <Filter>System\DB</Filter>
    </ClInclude>
    <ClInclude Include="..\Common\include\proto\DataBase.pb.h">
      <Filter>System\DB</Filter>
    </ClInclude>
    <ClInclude Include="..\Common\include\proto\Shakehand.pb.h">
      <Filter>System\ShakeHand</Filter>
    </ClInclude>
    <ClInclude Include="Error\Error.h">
      <Filter>Error</Filter>
    </ClInclude>
    <ClInclude Include="Error\ErrorStruct.h">
      <Filter>Error</Filter>
    </ClInclude>
    <ClInclude Include="..\Common\include\proto\ErrorNotify.pb.h">
      <Filter>Error</Filter>
    </ClInclude>
  </ItemGroup>
  <ItemGroup>
    <ClCompile Include="..\Common\include\tool\Time.cpp">
      <Filter>tool</Filter>
    </ClCompile>
    <ClCompile Include="..\Common\include\tool\UniqueNumberFactory.cpp">
      <Filter>tool</Filter>
    </ClCompile>
    <ClCompile Include="System\BaseSystem.cpp">
      <Filter>System</Filter>
    </ClCompile>
    <ClCompile Include="DataBase\DBMgr.cpp" />
    <ClCompile Include="Tcp\NetManager.cpp">
      <Filter>TcpNet</Filter>
    </ClCompile>
    <ClCompile Include="..\Common\include\tool\TimerTask.cpp">
      <Filter>tool</Filter>
    </ClCompile>
    <ClCompile Include="System\DataBase\DBSystem.cpp">
      <Filter>System\DB</Filter>
    </ClCompile>
    <ClCompile Include="System\ShakeHand\ShakeHandSystem.cpp">
      <Filter>System\ShakeHand</Filter>
    </ClCompile>
    <ClCompile Include="..\Common\include\proto\DataBase.pb.cc">
      <Filter>System\DB</Filter>
    </ClCompile>
    <ClCompile Include="..\Common\include\proto\Shakehand.pb.cc">
      <Filter>System\ShakeHand</Filter>
    </ClCompile>
    <ClCompile Include="Error\Error.cpp">
      <Filter>Error</Filter>
    </ClCompile>
    <ClCompile Include="..\Common\include\proto\ErrorNotify.pb.cc">
      <Filter>Error</Filter>
    </ClCompile>
  </ItemGroup>
</Project>