<?xml version="1.0" encoding="utf-8"?>
<Project ToolsVersion="4.0" xmlns="http://schemas.microsoft.com/developer/msbuild/2003">
  <ItemGroup>
    <ClCompile Include="main.cpp" />
    <ClCompile Include="..\Common\include\proto\Shakehand.pb.cc">
      <Filter>proto</Filter>
    </ClCompile>
    <ClCompile Include="testMain.cpp" />
  </ItemGroup>
  <ItemGroup>
    <Filter Include="proto">
      <UniqueIdentifier>{75043fc9-9e04-47f7-8cf4-7295d5ccb2b4}</UniqueIdentifier>
    </Filter>
  </ItemGroup>
  <ItemGroup>
    <ClInclude Include="..\Common\include\proto\Shakehand.pb.h">
      <Filter>proto</Filter>
    </ClInclude>
  </ItemGroup>
</Project>